
Microsoft Visual Studio Solution File, Format Version 12.00
# Visual Studio Version 16
VisualStudioVersion = 16.0.31105.61
MinimumVisualStudioVersion = 10.0.40219.1
Project("{FAE04EC0-301F-11D3-BF4B-00C04F79EFBC}") = "SmartCity.Api", "SmartCity.Api\SmartCity.Api.csproj", "{9A6FBE04-628C-4848-BFCA-37C53D96EFED}"
EndProject
Project("{FAE04EC0-301F-11D3-BF4B-00C04F79EFBC}") = "SmartCity.Data", "SmartCity.Data\SmartCity.Data.csproj", "{78E89B23-15DE-4BAA-B3EE-21FD69A883E2}"
EndProject
Project("{FAE04EC0-301F-11D3-BF4B-00C04F79EFBC}") = "SmartCity.Common", "SmartCity.Common\SmartCity.Common.csproj", "{4C37ED38-451B-41F6-962A-968576485B37}"
EndProject
Project("{FAE04EC0-301F-11D3-BF4B-00C04F79EFBC}") = "SmartCity.Contracts", "SmartCity.Contracts\SmartCity.Contracts.csproj", "{E97AA95C-DF74-4FE2-92DF-3A097D386E4E}"
EndProject
Global
	GlobalSection(SolutionConfigurationPlatforms) = preSolution
		Debug|Any CPU = Debug|Any CPU
		Release|Any CPU = Release|Any CPU
	EndGlobalSection
	GlobalSection(ProjectConfigurationPlatforms) = postSolution
		{9A6FBE04-628C-4848-BFCA-37C53D96EFED}.Debug|Any CPU.ActiveCfg = Debug|Any CPU
		{9A6FBE04-628C-4848-BFCA-37C53D96EFED}.Debug|Any CPU.Build.0 = Debug|Any CPU
		{9A6FBE04-628C-4848-BFCA-37C53D96EFED}.Release|Any CPU.ActiveCfg = Release|Any CPU
		{9A6FBE04-628C-4848-BFCA-37C53D96EFED}.Release|Any CPU.Build.0 = Release|Any CPU
		{78E89B23-15DE-4BAA-B3EE-21FD69A883E2}.Debug|Any CPU.ActiveCfg = Debug|Any CPU
		{78E89B23-15DE-4BAA-B3EE-21FD69A883E2}.Debug|Any CPU.Build.0 = Debug|Any CPU
		{78E89B23-15DE-4BAA-B3EE-21FD69A883E2}.Release|Any CPU.ActiveCfg = Release|Any CPU
		{78E89B23-15DE-4BAA-B3EE-21FD69A883E2}.Release|Any CPU.Build.0 = Release|Any CPU
		{4C37ED38-451B-41F6-962A-968576485B37}.Debug|Any CPU.ActiveCfg = Debug|Any CPU
		{4C37ED38-451B-41F6-962A-968576485B37}.Debug|Any CPU.Build.0 = Debug|Any CPU
		{4C37ED38-451B-41F6-962A-968576485B37}.Release|Any CPU.ActiveCfg = Release|Any CPU
		{4C37ED38-451B-41F6-962A-968576485B37}.Release|Any CPU.Build.0 = Release|Any CPU
		{E97AA95C-DF74-4FE2-92DF-3A097D386E4E}.Debug|Any CPU.ActiveCfg = Debug|Any CPU
		{E97AA95C-DF74-4FE2-92DF-3A097D386E4E}.Debug|Any CPU.Build.0 = Debug|Any CPU
		{E97AA95C-DF74-4FE2-92DF-3A097D386E4E}.Release|Any CPU.ActiveCfg = Release|Any CPU
		{E97AA95C-DF74-4FE2-92DF-3A097D386E4E}.Release|Any CPU.Build.0 = Release|Any CPU
	EndGlobalSection
	GlobalSection(SolutionProperties) = preSolution
		HideSolutionNode = FALSE
	EndGlobalSection
	GlobalSection(ExtensibilityGlobals) = postSolution
		SolutionGuid = {E0952AF7-80D1-47B4-9CEF-D0BCC8D33726}
	EndGlobalSection
EndGlobal
